Microsoft Visual Studio Solution File, Format Version 12.00
# Visual Studio 2012
Project("{FAE04EC0-301F-11D3-BF4B-00C04F79EFBC}") = "Gwj 66-escape", "Gwj 66-escape.csproj", "{375E4F23-FF4F-4BC8-BAD7-2AA1CD13A9EA}"
EndProject
Global
	GlobalSection(SolutionConfigurationPlatforms) = preSolution
	Debug|Any CPU = Debug|Any CPU
	ExportDebug|Any CPU = ExportDebug|Any CPU
	ExportRelease|Any CPU = ExportRelease|Any CPU
	EndGlobalSection
	GlobalSection(ProjectConfigurationPlatforms) = postSolution
		{375E4F23-FF4F-4BC8-BAD7-2AA1CD13A9EA}.Debug|Any CPU.ActiveCfg = Debug|Any CPU
		{375E4F23-FF4F-4BC8-BAD7-2AA1CD13A9EA}.Debug|Any CPU.Build.0 = Debug|Any CPU
		{375E4F23-FF4F-4BC8-BAD7-2AA1CD13A9EA}.ExportDebug|Any CPU.ActiveCfg = ExportDebug|Any CPU
		{375E4F23-FF4F-4BC8-BAD7-2AA1CD13A9EA}.ExportDebug|Any CPU.Build.0 = ExportDebug|Any CPU
		{375E4F23-FF4F-4BC8-BAD7-2AA1CD13A9EA}.ExportRelease|Any CPU.ActiveCfg = ExportRelease|Any CPU
		{375E4F23-FF4F-4BC8-BAD7-2AA1CD13A9EA}.ExportRelease|Any CPU.Build.0 = ExportRelease|Any CPU
	EndGlobalSection
EndGlobal
